// !$*UTF8*$!
{
	archiveVersion = 1;
	classes = {
	};
	objectVersion = 46;
	objects = {

/* Begin PBXBuildFile section */
		F6A514D01D50CB3600E93B98 /* main.m in Sources */ = {isa = PBXBuildFile; fileRef = F6A514CF1D50CB3600E93B98 /* main.m */; };
		F6A514D31D50CB3600E93B98 /* AppDelegate.m in Sources */ = {isa = PBXBuildFile; fileRef = F6A514D21D50CB3600E93B98 /* AppDelegate.m */; };
		F6A514D61D50CB3600E93B98 /* ViewController.m in Sources */ = {isa = PBXBuildFile; fileRef = F6A514D51D50CB3600E93B98 /* ViewController.m */; };
		F6A514D91D50CB3600E93B98 /* Main.storyboard in Resources */ = {isa = PBXBuildFile; fileRef = F6A514D71D50CB3600E93B98 /* Main.storyboard */; };
		F6A514DB1D50CB3600E93B98 /* Assets.xcassets in Resources */ = {isa = PBXBuildFile; fileRef = F6A514DA1D50CB3600E93B98 /* Assets.xcassets */; };
		F6A514DE1D50CB3600E93B98 /* LaunchScreen.storyboard in Resources */ = {isa = PBXBuildFile; fileRef = F6A514DC1D50CB3600E93B98 /* LaunchScreen.storyboard */; };
		F6A514E71D50CFF400E93B98 /* HeaderView.m in Sources */ = {isa = PBXBuildFile; fileRef = F6A514E61D50CFF400E93B98 /* HeaderView.m */; };
/* End PBXBuildFile section */

/* Begin PBXFileReference section */
		F6A514CB1D50CB3600E93B98 /* TableViewTest.app */ = {isa = PBXFileReference; explicitFileType = wrapper.application; includeInIndex = 0; path = TableViewTest.app; sourceTree = BUILT_PRODUCTS_DIR; };
		F6A514CF1D50CB3600E93B98 /* main.m */ = {isa = PBXFileReference; lastKnownFileType = sourcecode.c.objc; path = main.m; sourceTree = "<group>"; };
		F6A514D11D50CB3600E93B98 /* AppDelegate.h */ = {isa = PBXFileReference; lastKnownFileType = sourcecode.c.h; path = AppDelegate.h; sourceTree = "<group>"; };
		F6A514D21D50CB3600E93B98 /* AppDelegate.m */ = {isa = PBXFileReference; lastKnownFileType = sourcecode.c.objc; path = AppDelegate.m; sourceTree = "<group>"; };
		F6A514D41D50CB3600E93B98 /* ViewController.h */ = {isa = PBXFileReference; lastKnownFileType = sourcecode.c.h; path = ViewController.h; sourceTree = "<group>"; };
		F6A514D51D50CB3600E93B98 /* ViewController.m */ = {isa = PBXFileReference; lastKnownFileType = sourcecode.c.objc; path = ViewController.m; sourceTree = "<group>"; };
		F6A514D81D50CB3600E93B98 /* Base */ = {isa = PBXFileReference; lastKnownFileType = file.storyboard; name = Base; path = Base.lproj/Main.storyboard; sourceTree = "<group>"; };
		F6A514DA1D50CB3600E93B98 /* Assets.xcassets */ = {isa = PBXFileReference; lastKnownFileType = folder.assetcatalog; path = Assets.xcassets; sourceTree = "<group>"; };
		F6A514DD1D50CB3600E93B98 /* Base */ = {isa = PBXFileReference; lastKnownFileType = file.storyboard; name = Base; path = Base.lproj/LaunchScreen.storyboard; sourceTree = "<group>"; };
		F6A514DF1D50CB3600E93B98 /* Info.plist */ = {isa = PBXFileReference; lastKnownFileType = text.plist.xml; path = Info.plist; sourceTree = "<group>"; };
		F6A514E51D50CFF400E93B98 /* HeaderView.h */ = {isa = PBXFileReference; fileEncoding = 4; lastKnownFileType = sourcecode.c.h; path = HeaderView.h; sourceTree = "<group>"; };
		F6A514E61D50CFF400E93B98 /* HeaderView.m */ = {isa = PBXFileReference; fileEncoding = 4; lastKnownFileType = sourcecode.c.objc; path = HeaderView.m; sourceTree = "<group>"; };
/* End PBXFileReference section */

/* Begin PBXFrameworksBuildPhase section */
		F6A514C81D50CB3600E93B98 /* Frameworks */ = {
			isa = PBXFrameworksBuildPhase;
			buildActionMask = 2147483647;
			files = (
			);
			runOnlyForDeploymentPostprocessing = 0;
		};
/* End PBXFrameworksBuildPhase section */

/* Begin PBXGroup section */
		F6A514C21D50CB3600E93B98 = {
			isa = PBXGroup;
			children = (
				F6A514CD1D50CB3600E93B98 /* TableViewTest */,
				F6A514CC1D50CB3600E93B98 /* Products */,
			);
			sourceTree = "<group>";
		};
		F6A514CC1D50CB3600E93B98 /* Products */ = {
			isa = PBXGroup;
			children = (
				F6A514CB1D50CB3600E93B98 /* TableViewTest.app */,
			);
			name = Products;
			sourceTree = "<group>";
		};
		F6A514CD1D50CB3600E93B98 /* TableViewTest */ = {
			isa = PBXGroup;
			children = (
				F6A514D11D50CB3600E93B98 /* AppDelegate.h */,
				F6A514D21D50CB3600E93B98 /* AppDelegate.m */,
				F6A514D41D50CB3600E93B98 /* ViewController.h */,
				F6A514D51D50CB3600E93B98 /* ViewController.m */,
				F6A514E51D50CFF400E93B98 /* HeaderView.h */,
				F6A514E61D50CFF400E93B98 /* HeaderView.m */,
				F6A514D71D50CB3600E93B98 /* Main.storyboard */,
				F6A514DA1D50CB3600E93B98 /* Assets.xcassets */,
				F6A514DC1D50CB3600E93B98 /* LaunchScreen.storyboard */,
				F6A514DF1D50CB3600E93B98 /* Info.plist */,
				F6A514CE1D50CB3600E93B98 /* Supporting Files */,
			);
			path = TableViewTest;
			sourceTree = "<group>";
		};
		F6A514CE1D50CB3600E93B98 /* Supporting Files */ = {
			isa = PBXGroup;
			children = (
				F6A514CF1D50CB3600E93B98 /* main.m */,
			);
			name = "Supporting Files";
			sourceTree = "<group>";
		};
/* End PBXGroup section */

/* Begin PBXNativeTarget section */
		F6A514CA1D50CB3600E93B98 /* TableViewTest */ = {
			isa = PBXNativeTarget;
			buildConfigurationList = F6A514E21D50CB3600E93B98 /* Build configuration list for PBXNativeTarget "TableViewTest" */;
			buildPhases = (
				F6A514C71D50CB3600E93B98 /* Sources */,
				F6A514C81D50CB3600E93B98 /* Frameworks */,
				F6A514C91D50CB3600E93B98 /* Resources */,
			);
			buildRules = (
			);
			dependencies = (
			);
			name = TableViewTest;
			productName = TableViewTest;
			productReference = F6A514CB1D50CB3600E93B98 /* TableViewTest.app */;
			productType = "com.apple.product-type.application";
		};
/* End PBXNativeTarget section */

/* Begin PBXProject section */
		F6A514C31D50CB3600E93B98 /* Project object */ = {
			isa = PBXProject;
			attributes = {
				LastUpgradeCheck = 0730;
				ORGANIZATIONNAME = "Tobias Kräntzer";
				TargetAttributes = {
					F6A514CA1D50CB3600E93B98 = {
						CreatedOnToolsVersion = 7.3;
					};
				};
			};
			buildConfigurationList = F6A514C61D50CB3600E93B98 /* Build configuration list for PBXProject "TableViewTest" */;
			compatibilityVersion = "Xcode 3.2";
			developmentRegion = English;
			hasScannedForEncodings = 0;
			knownRegions = (
				en,
				Base,
			);
			mainGroup = F6A514C21D50CB3600E93B98;
			productRefGroup = F6A514CC1D50CB3600E93B98 /* Products */;
			projectDirPath = "";
			projectRoot = "";
			targets = (
				F6A514CA1D50CB3600E93B98 /* TableViewTest */,
			);
		};
/* End PBXProject section */

/* Begin PBXResourcesBuildPhase section */
		F6A514C91D50CB3600E93B98 /* Resources */ = {
			isa = PBXResourcesBuildPhase;
			buildActionMask = 2147483647;
			files = (
				F6A514DE1D50CB3600E93B98 /* LaunchScreen.storyboard in Resources */,
				F6A514DB1D50CB3600E93B98 /* Assets.xcassets in Resources */,
				F6A514D91D50CB3600E93B98 /* Main.storyboard in Resources */,
			);
			runOnlyForDeploymentPostprocessing = 0;
		};
/* End PBXResourcesBuildPhase section */

/* Begin PBXSourcesBuildPhase section */
		F6A514C71D50CB3600E93B98 /* Sources */ = {
			isa = PBXSourcesBuildPhase;
			buildActionMask = 2147483647;
			files = (
				F6A514D61D50CB3600E93B98 /* ViewController.m in Sources */,
				F6A514D31D50CB3600E93B98 /* AppDelegate.m in Sources */,
				F6A514D01D50CB3600E93B98 /* main.m in Sources */,
				F6A514E71D50CFF400E93B98 /* HeaderView.m in Sources */,
			);
			runOnlyForDeploymentPostprocessing = 0;
		};
/* End PBXSourcesBuildPhase section */

/* Begin PBXVariantGroup section */
		F6A514D71D50CB3600E93B98 /* Main.storyboard */ = {
			isa = PBXVariantGroup;
			children = (
				F6A514D81D50CB3600E93B98 /* Base */,
			);
			name = Main.storyboard;
			sourceTree = "<group>";
		};
		F6A514DC1D50CB3600E93B98 /* LaunchScreen.storyboard */ = {
			isa = PBXVariantGroup;
			children = (
				F6A514DD1D50CB3600E93B98 /* Base */,
			);
			name = LaunchScreen.storyboard;
			sourceTree = "<group>";
		};
/* End PBXVariantGroup section */

/* Begin XCBuildConfiguration section */
		F6A514E01D50CB3600E93B98 /* Debug */ = {
			isa = XCBuildConfiguration;
			buildSettings = {
				ALWAYS_SEARCH_USER_PATHS = NO;
				CLANG_ANALYZER_NONNULL = YES;
				CLANG_CXX_LANGUAGE_STANDARD = "gnu++0x";
				CLANG_CXX_LIBRARY = "libc++";
				CLANG_ENABLE_MODULES = YES;
				CLANG_ENABLE_OBJC_ARC = YES;
				CLANG_WARN_BOOL_CONVERSION = YES;
				CLANG_WARN_CONSTANT_CONVERSION = YES;
				CLANG_WARN_DIRECT_OBJC_ISA_USAGE = YES_ERROR;
				CLANG_WARN_EMPTY_BODY = YES;
				CLANG_WARN_ENUM_CONVERSION = YES;
				CLANG_WARN_INT_CONVERSION = YES;
				CLANG_WARN_OBJC_ROOT_CLASS = YES_ERROR;
				CLANG_WARN_UNREACHABLE_CODE = YES;
				CLANG_WARN__DUPLICATE_METHOD_MATCH = YES;
				"CODE_SIGN_IDENTITY[sdk=iphoneos*]" = "iPhone Developer";
				COPY_PHASE_STRIP = NO;
				DEBUG_INFORMATION_FORMAT = dwarf;
				ENABLE_STRICT_OBJC_MSGSEND = YES;
				ENABLE_TESTABILITY = YES;
				GCC_C_LANGUAGE_STANDARD = gnu99;
				GCC_DYNAMIC_NO_PIC = NO;
				GCC_NO_COMMON_BLOCKS = YES;
				GCC_OPTIMIZATION_LEVEL = 0;
				GCC_PREPROCESSOR_DEFINITIONS = (
					"DEBUG=1",
					"$(inherited)",
				);
				GCC_WARN_64_TO_32_BIT_CONVERSION = YES;
				GCC_WARN_ABOUT_RETURN_TYPE = YES_ERROR;
				GCC_WARN_UNDECLARED_SELECTOR = YES;
				GCC_WARN_UNINITIALIZED_AUTOS = YES_AGGRESSIVE;
				GCC_WARN_UNUSED_FUNCTION = YES;
				GCC_WARN_UNUSED_VARIABLE = YES;
				IPHONEOS_DEPLOYMENT_TARGET = 9.3;
				MTL_ENABLE_DEBUG_INFO = YES;
				ONLY_ACTIVE_ARCH = YES;
				SDKROOT = iphoneos;
			};
			name = Debug;
		};
		F6A514E11D50CB3600E93B98 /* Release */ = {
			isa = XCBuildConfiguration;
			buildSettings = {
				ALWAYS_SEARCH_USER_PATHS = NO;
				CLANG_ANALYZER_NONNULL = YES;
				CLANG_CXX_LANGUAGE_STANDARD = "gnu++0x";
				CLANG_CXX_LIBRARY = "libc++";
				CLANG_ENABLE_MODULES = YES;
				CLANG_ENABLE_OBJC_ARC = YES;
				CLANG_WARN_BOOL_CONVERSION = YES;
				CLANG_WARN_CONSTANT_CONVERSION = YES;
				CLANG_WARN_DIRECT_OBJC_ISA_USAGE = YES_ERROR;
				CLANG_WARN_EMPTY_BODY = YES;
				CLANG_WARN_ENUM_CONVERSION = YES;
				CLANG_WARN_INT_CONVERSION = YES;
				CLANG_WARN_OBJC_ROOT_CLASS = YES_ERROR;
				CLANG_WARN_UNREACHABLE_CODE = YES;
				CLANG_WARN__DUPLICATE_METHOD_MATCH = YES;
				"CODE_SIGN_IDENTITY[sdk=iphoneos*]" = "iPhone Developer";
				COPY_PHASE_STRIP = NO;
				DEBUG_INFORMATION_FORMAT = "dwarf-with-dsym";
				ENABLE_NS_ASSERTIONS = NO;
				ENABLE_STRICT_OBJC_MSGSEND = YES;
				GCC_C_LANGUAGE_STANDARD = gnu99;
				GCC_NO_COMMON_BLOCKS = YES;
				GCC_WARN_64_TO_32_BIT_CONVERSION = YES;
				GCC_WARN_ABOUT_RETURN_TYPE = YES_ERROR;
				GCC_WARN_UNDECLARED_SELECTOR = YES;
				GCC_WARN_UNINITIALIZED_AUTOS = YES_AGGRESSIVE;
				GCC_WARN_UNUSED_FUNCTION = YES;
				GCC_WARN_UNUSED_VARIABLE = YES;
				IPHONEOS_DEPLOYMENT_TARGET = 9.3;
				MTL_ENABLE_DEBUG_INFO = NO;
				SDKROOT = iphoneos;
				VALIDATE_PRODUCT = YES;
			};
			name = Release;
		};
		F6A514E31D50CB3600E93B98 /* Debug */ = {
			isa = XCBuildConfiguration;
			buildSettings = {
				ASSETCATALOG_COMPILER_APPICON_NAME = AppIcon;
				INFOPLIST_FILE = TableViewTest/Info.plist;
				LD_RUNPATH_SEARCH_PATHS = "$(inherited) @executable_path/Frameworks";
				PRODUCT_BUNDLE_IDENTIFIER = "de.tobias-kraentzer.TableViewTest";
				PRODUCT_NAME = "$(TARGET_NAME)";
			};
			name = Debug;
		};
		F6A514E41D50CB3600E93B98 /* Release */ = {
			isa = XCBuildConfiguration;
			buildSettings = {
				ASSETCATALOG_COMPILER_APPICON_NAME = AppIcon;
				INFOPLIST_FILE = TableViewTest/Info.plist;
				LD_RUNPATH_SEARCH_PATHS = "$(inherited) @executable_path/Frameworks";
				PRODUCT_BUNDLE_IDENTIFIER = "de.tobias-kraentzer.TableViewTest";
				PRODUCT_NAME = "$(TARGET_NAME)";
			};
			name = Release;
		};
/* End XCBuildConfiguration section */

/* Begin XCConfigurationList section */
		F6A514C61D50CB3600E93B98 /* Build configuration list for PBXProject "TableViewTest" */ = {
			isa = XCConfigurationList;
			buildConfigurations = (
				F6A514E01D50CB3600E93B98 /* Debug */,
				F6A514E11D50CB3600E93B98 /* Release */,
			);
			defaultConfigurationIsVisible = 0;
			defaultConfigurationName = Release;
		};
		F6A514E21D50CB3600E93B98 /* Build configuration list for PBXNativeTarget "TableViewTest" */ = {
			isa = XCConfigurationList;
			buildConfigurations = (
				F6A514E31D50CB3600E93B98 /* Debug */,
				F6A514E41D50CB3600E93B98 /* Release */,
			);
			defaultConfigurationIsVisible = 0;
		};
/* End XCConfigurationList section */
	};
	rootObject = F6A514C31D50CB3600E93B98 /* Project object */;
}
